dependencies:
- name: secret
  repository: oci://harbor.sharxconnect.app/library
  version: 1.0.0
- name: uc
  repository: oci://harbor.sharxconnect.app/library
  version: 1.0.0
- name: uc
  repository: oci://harbor.sharxconnect.app/library
  version: 1.0.0
digest: sha256:e733502b749263c14300c3f35905894a1ce8fd3936ee6a04d628ec5910e2b4ed
generated: "2026-07-27T13:09:05.315084+03:00"
